// !$*UTF8*$!
{
	archiveVersion = 1;
	classes = {
	};
	objectVersion = 46;
	objects = {

/* Begin PBXBuildFile section */
		2C6512261F2ED51E006AB520 /* main.m in Sources */ = {isa = PBXBuildFile; fileRef = 2C6512251F2ED51E006AB520 /* main.m */; };
		2C6512291F2ED51E006AB520 /* AppDelegate.m in Sources */ = {isa = PBXBuildFile; fileRef = 2C6512281F2ED51E006AB520 /* AppDelegate.m */; };
		2C65122F1F2ED51E006AB520 /* Main.storyboard in Resources */ = {isa = PBXBuildFile; fileRef = 2C65122D1F2ED51E006AB520 /* Main.storyboard */; };
		2C6512311F2ED51E006AB520 /* Assets.xcassets in Resources */ = {isa = PBXBuildFile; fileRef = 2C6512301F2ED51E006AB520 /* Assets.xcassets */; };
		2C6512341F2ED51E006AB520 /* LaunchScreen.storyboard in Resources */ = {isa = PBXBuildFile; fileRef = 2C6512321F2ED51E006AB520 /* LaunchScreen.storyboard */; };
		2C65123E1F2ED661006AB520 /* GoogleService-Info.plist in Resources */ = {isa = PBXBuildFile; fileRef = 2C65123D1F2ED661006AB520 /* GoogleService-Info.plist */; };
		2C6512401F2ED780006AB520 /* AdSupport.framework in Frameworks */ = {isa = PBXBuildFile; fileRef = 2C65123F1F2ED780006AB520 /* AdSupport.framework */; };
		2C6512451F2ED85E006AB520 /* LoginManager.m in Sources */ = {isa = PBXBuildFile; fileRef = 2C6512441F2ED85E006AB520 /* LoginManager.m */; };
		2C65124B1F2EE18C006AB520 /* HomeViewController.m in Sources */ = {isa = PBXBuildFile; fileRef = 2C65124A1F2EE18C006AB520 /* HomeViewController.m */; };
		2C65124D1F2EE245006AB520 /* CoreLocation.framework in Frameworks */ = {isa = PBXBuildFile; fileRef = 2C65124C1F2EE245006AB520 /* CoreLocation.framework */; };
		2CADDACF1F2FEE8700814820 /* LocationManager.m in Sources */ = {isa = PBXBuildFile; fileRef = 2CADDACE1F2FEE8700814820 /* LocationManager.m */; };
		2CADDAD41F2FFF8300814820 /* ActivityIndicatorViewController.m in Sources */ = {isa = PBXBuildFile; fileRef = 2CADDAD31F2FFF8300814820 /* ActivityIndicatorViewController.m */; };
		2CADDAD91F30215700814820 /* LoginViewController.m in Sources */ = {isa = PBXBuildFile; fileRef = 2CADDAD81F30215700814820 /* LoginViewController.m */; };
		2CADDADE1F30224400814820 /* SideMenuSegue.m in Sources */ = {isa = PBXBuildFile; fileRef = 2CADDADD1F30224400814820 /* SideMenuSegue.m */; };
		2CADDAE01F30236100814820 /* Login.storyboard in Resources */ = {isa = PBXBuildFile; fileRef = 2CADDADF1F30236100814820 /* Login.storyboard */; };
		2CADDAE61F30247E00814820 /* LeftMenuItemViewController.m in Sources */ = {isa = PBXBuildFile; fileRef = 2CADDAE51F30247E00814820 /* LeftMenuItemViewController.m */; };
		2CADDAE91F30251700814820 /* SideMenuViewController.m in Sources */ = {isa = PBXBuildFile; fileRef = 2CADDAE81F30251700814820 /* SideMenuViewController.m */; };
		2CADDAEF1F30275100814820 /* UIViewController+KeyboardHelper.m in Sources */ = {isa = PBXBuildFile; fileRef = 2CADDAEE1F30275100814820 /* UIViewController+KeyboardHelper.m */; };
		752198FC3B47394575B21DF3 /* libPods-carpoolingudec.a in Frameworks */ = {isa = PBXBuildFile; fileRef = 464636D36AF42802314BC3C3 /* libPods-carpoolingudec.a */; };
		81C938979226DD73910189E5 /* libPods-carpoolingudec.a in Frameworks */ = {isa = PBXBuildFile; fileRef = 243487861E5CC1BEAAB3C11A /* libPods-carpoolingudec.a */; };
/* End PBXBuildFile section */

/* Begin PBXFileReference section */
		057826A5B3142F604DED9A2E /* Pods-carpoolingudec.debug.xcconfig */ = {isa = PBXFileReference; includeInIndex = 1; lastKnownFileType = text.xcconfig; name = "Pods-carpoolingudec.debug.xcconfig"; path = "Pods/Target Support Files/Pods-carpoolingudec/Pods-carpoolingudec.debug.xcconfig"; sourceTree = "<group>"; };
		243487861E5CC1BEAAB3C11A /* libPods-carpoolingudec.a */ = {isa = PBXFileReference; explicitFileType = archive.ar; includeInIndex = 0; path = "libPods-carpoolingudec.a"; sourceTree = BUILT_PRODUCTS_DIR; };
		2C6512211F2ED51E006AB520 /* carpoolingudec.app */ = {isa = PBXFileReference; explicitFileType = wrapper.application; includeInIndex = 0; path = carpoolingudec.app; sourceTree = BUILT_PRODUCTS_DIR; };
		2C6512251F2ED51E006AB520 /* main.m */ = {isa = PBXFileReference; lastKnownFileType = sourcecode.c.objc; path = main.m; sourceTree = "<group>"; };
		2C6512271F2ED51E006AB520 /* AppDelegate.h */ = {isa = PBXFileReference; lastKnownFileType = sourcecode.c.h; path = AppDelegate.h; sourceTree = "<group>"; };
		2C6512281F2ED51E006AB520 /* AppDelegate.m */ = {isa = PBXFileReference; lastKnownFileType = sourcecode.c.objc; path = AppDelegate.m; sourceTree = "<group>"; };
		2C65122E1F2ED51E006AB520 /* Base */ = {isa = PBXFileReference; lastKnownFileType = file.storyboard; name = Base; path = Base.lproj/Main.storyboard; sourceTree = "<group>"; };
		2C6512301F2ED51E006AB520 /* Assets.xcassets */ = {isa = PBXFileReference; lastKnownFileType = folder.assetcatalog; path = Assets.xcassets; sourceTree = "<group>"; };
		2C6512331F2ED51E006AB520 /* Base */ = {isa = PBXFileReference; lastKnownFileType = file.storyboard; name = Base; path = Base.lproj/LaunchScreen.storyboard; sourceTree = "<group>"; };
		2C6512351F2ED51E006AB520 /* Info.plist */ = {isa = PBXFileReference; lastKnownFileType = text.plist.xml; path = Info.plist; sourceTree = "<group>"; };
		2C65123D1F2ED661006AB520 /* GoogleService-Info.plist */ = {isa = PBXFileReference; fileEncoding = 4; lastKnownFileType = text.plist.xml; path = "GoogleService-Info.plist"; sourceTree = "<group>"; };
		2C65123F1F2ED780006AB520 /* AdSupport.framework */ = {isa = PBXFileReference; lastKnownFileType = wrapper.framework; name = AdSupport.framework; path = System/Library/Frameworks/AdSupport.framework; sourceTree = SDKROOT; };
		2C6512431F2ED85E006AB520 /* LoginManager.h */ = {isa = PBXFileReference; fileEncoding = 4; lastKnownFileType = sourcecode.c.h; name = LoginManager.h; path = carpoolingudec/Frameworks/LoginManager/LoginManager.h; sourceTree = "<group>"; };
		2C6512441F2ED85E006AB520 /* LoginManager.m */ = {isa = PBXFileReference; fileEncoding = 4; lastKnownFileType = sourcecode.c.objc; name = LoginManager.m; path = carpoolingudec/Frameworks/LoginManager/LoginManager.m; sourceTree = "<group>"; };
		2C6512491F2EE18C006AB520 /* HomeViewController.h */ = {isa = PBXFileReference; fileEncoding = 4; lastKnownFileType = sourcecode.c.h; name = HomeViewController.h; path = "View controllers/Home/HomeViewController.h"; sourceTree = "<group>"; };
		2C65124A1F2EE18C006AB520 /* HomeViewController.m */ = {isa = PBXFileReference; fileEncoding = 4; lastKnownFileType = sourcecode.c.objc; name = HomeViewController.m; path = "View controllers/Home/HomeViewController.m"; sourceTree = "<group>"; };
		2C65124C1F2EE245006AB520 /* CoreLocation.framework */ = {isa = PBXFileReference; lastKnownFileType = wrapper.framework; name = CoreLocation.framework; path = System/Library/Frameworks/CoreLocation.framework; sourceTree = SDKROOT; };
		2CADDACD1F2FEE8700814820 /* LocationManager.h */ = {isa = PBXFileReference; fileEncoding = 4; lastKnownFileType = sourcecode.c.h; name = LocationManager.h; path = carpoolingudec/Frameworks/LocationManager/LocationManager.h; sourceTree = "<group>"; };
		2CADDACE1F2FEE8700814820 /* LocationManager.m */ = {isa = PBXFileReference; fileEncoding = 4; lastKnownFileType = sourcecode.c.objc; name = LocationManager.m; path = carpoolingudec/Frameworks/LocationManager/LocationManager.m; sourceTree = "<group>"; };
		2CADDAD21F2FFF8300814820 /* ActivityIndicatorViewController.h */ = {isa = PBXFileReference; fileEncoding = 4; lastKnownFileType = sourcecode.c.h; name = ActivityIndicatorViewController.h; path = "View controllers/Superclasses/ActivityIndicatorViewController.h"; sourceTree = "<group>"; };
		2CADDAD31F2FFF8300814820 /* ActivityIndicatorViewController.m */ = {isa = PBXFileReference; fileEncoding = 4; lastKnownFileType = sourcecode.c.objc; name = ActivityIndicatorViewController.m; path = "View controllers/Superclasses/ActivityIndicatorViewController.m"; sourceTree = "<group>"; };
		2CADDAD51F30000200814820 /* PrefixHeader.pch */ = {isa = PBXFileReference; lastKnownFileType = sourcecode.c.h; path = PrefixHeader.pch; sourceTree = "<group>"; };
		2CADDAD61F30001300814820 /* GoogleMapsAPIKey.h */ = {isa = PBXFileReference; lastKnownFileType = sourcecode.c.h; path = GoogleMapsAPIKey.h; sourceTree = "<group>"; };
		2CADDAD71F30215700814820 /* LoginViewController.h */ = {isa = PBXFileReference; fileEncoding = 4; lastKnownFileType = sourcecode.c.h; name = LoginViewController.h; path = "View controllers/Login/LoginViewController.h"; sourceTree = "<group>"; };
		2CADDAD81F30215700814820 /* LoginViewController.m */ = {isa = PBXFileReference; fileEncoding = 4; lastKnownFileType = sourcecode.c.objc; name = LoginViewController.m; path = "View controllers/Login/LoginViewController.m"; sourceTree = "<group>"; };
		2CADDADC1F30224400814820 /* SideMenuSegue.h */ = {isa = PBXFileReference; fileEncoding = 4; lastKnownFileType = sourcecode.c.h; name = SideMenuSegue.h; path = "View controllers/Side Menu/Segues/SideMenuSegue.h"; sourceTree = "<group>"; };
		2CADDADD1F30224400814820 /* SideMenuSegue.m */ = {isa = PBXFileReference; fileEncoding = 4; lastKnownFileType = sourcecode.c.objc; name = SideMenuSegue.m; path = "View controllers/Side Menu/Segues/SideMenuSegue.m"; sourceTree = "<group>"; };
		2CADDADF1F30236100814820 /* Login.storyboard */ = {isa = PBXFileReference; fileEncoding = 4; lastKnownFileType = file.storyboard; name = Login.storyboard; path = "View controllers/Login/Storyboards/Login.storyboard"; sourceTree = "<group>"; };
		2CADDAE41F30247E00814820 /* LeftMenuItemViewController.h */ = {isa = PBXFileReference; fileEncoding = 4; lastKnownFileType = sourcecode.c.h; name = LeftMenuItemViewController.h; path = "View controllers/Superclasses/LeftMenuItemViewController.h"; sourceTree = "<group>"; };
		2CADDAE51F30247E00814820 /* LeftMenuItemViewController.m */ = {isa = PBXFileReference; fileEncoding = 4; lastKnownFileType = sourcecode.c.objc; name = LeftMenuItemViewController.m; path = "View controllers/Superclasses/LeftMenuItemViewController.m"; sourceTree = "<group>"; };
		2CADDAE71F30251700814820 /* SideMenuViewController.h */ = {isa = PBXFileReference; fileEncoding = 4; lastKnownFileType = sourcecode.c.h; name = SideMenuViewController.h; path = "View controllers/Side Menu/SideMenuViewController.h"; sourceTree = "<group>"; };
		2CADDAE81F30251700814820 /* SideMenuViewController.m */ = {isa = PBXFileReference; fileEncoding = 4; lastKnownFileType = sourcecode.c.objc; name = SideMenuViewController.m; path = "View controllers/Side Menu/SideMenuViewController.m"; sourceTree = "<group>"; };
		2CADDAED1F30275100814820 /* UIViewController+KeyboardHelper.h */ = {isa = PBXFileReference; fileEncoding = 4; lastKnownFileType = sourcecode.c.h; name = "UIViewController+KeyboardHelper.h"; path = "carpoolingudec/Frameworks/UIViewController+KeyboardHelper/UIViewController+KeyboardHelper.h"; sourceTree = "<group>"; };
		2CADDAEE1F30275100814820 /* UIViewController+KeyboardHelper.m */ = {isa = PBXFileReference; fileEncoding = 4; lastKnownFileType = sourcecode.c.objc; name = "UIViewController+KeyboardHelper.m"; path = "carpoolingudec/Frameworks/UIViewController+KeyboardHelper/UIViewController+KeyboardHelper.m"; sourceTree = "<group>"; };
		2CD4DE452054BFF9009B9330 /* es */ = {isa = PBXFileReference; lastKnownFileType = text.plist.strings; name = es; path = es.lproj/Main.strings; sourceTree = "<group>"; };
		2CD4DE462054BFF9009B9330 /* es */ = {isa = PBXFileReference; lastKnownFileType = text.plist.strings; name = es; path = es.lproj/LaunchScreen.strings; sourceTree = "<group>"; };
		464636D36AF42802314BC3C3 /* libPods-carpoolingudec.a */ = {isa = PBXFileReference; explicitFileType = archive.ar; includeInIndex = 0; path = "libPods-carpoolingudec.a"; sourceTree = BUILT_PRODUCTS_DIR; };
		AFFA911C2C92D7B9A1E9E816 /* Pods-carpoolingudec.release.xcconfig */ = {isa = PBXFileReference; includeInIndex = 1; lastKnownFileType = text.xcconfig; name = "Pods-carpoolingudec.release.xcconfig"; path = "Pods/Target Support Files/Pods-carpoolingudec/Pods-carpoolingudec.release.xcconfig"; sourceTree = "<group>"; };
/* End PBXFileReference section */

/* Begin PBXFrameworksBuildPhase section */
		2C65121E1F2ED51E006AB520 /* Frameworks */ = {
			isa = PBXFrameworksBuildPhase;
			buildActionMask = 2147483647;
			files = (
				2C65124D1F2EE245006AB520 /* CoreLocation.framework in Frameworks */,
				2C6512401F2ED780006AB520 /* AdSupport.framework in Frameworks */,
				752198FC3B47394575B21DF3 /* libPods-carpoolingudec.a in Frameworks */,
				81C938979226DD73910189E5 /* libPods-carpoolingudec.a in Frameworks */,
			);
			runOnlyForDeploymentPostprocessing = 0;
		};
/* End PBXFrameworksBuildPhase section */

/* Begin PBXGroup section */
		2C6512181F2ED51E006AB520 = {
			isa = PBXGroup;
			children = (
				2C6512411F2ED838006AB520 /* Frameworks */,
				2C6512231F2ED51E006AB520 /* carpoolingudec */,
				2C6512221F2ED51E006AB520 /* Products */,
				6266895C9F0405F2677F4385 /* Pods */,
				F53247923E841C6816A2D507 /* Frameworks */,
			);
			sourceTree = "<group>";
		};
		2C6512221F2ED51E006AB520 /* Products */ = {
			isa = PBXGroup;
			children = (
				2C6512211F2ED51E006AB520 /* carpoolingudec.app */,
			);
			name = Products;
			sourceTree = "<group>";
		};
		2C6512231F2ED51E006AB520 /* carpoolingudec */ = {
			isa = PBXGroup;
			children = (
				2C6512471F2EE15E006AB520 /* View controllers */,
				2C6512271F2ED51E006AB520 /* AppDelegate.h */,
				2C6512281F2ED51E006AB520 /* AppDelegate.m */,
				2C65122D1F2ED51E006AB520 /* Main.storyboard */,
				2CADDADF1F30236100814820 /* Login.storyboard */,
				2C6512301F2ED51E006AB520 /* Assets.xcassets */,
				2C6512321F2ED51E006AB520 /* LaunchScreen.storyboard */,
				2C6512351F2ED51E006AB520 /* Info.plist */,
				2C6512241F2ED51E006AB520 /* Supporting Files */,
			);
			path = carpoolingudec;
			sourceTree = "<group>";
		};
		2C6512241F2ED51E006AB520 /* Supporting Files */ = {
			isa = PBXGroup;
			children = (
				2CADDAD61F30001300814820 /* GoogleMapsAPIKey.h */,
				2C65123D1F2ED661006AB520 /* GoogleService-Info.plist */,
				2C6512251F2ED51E006AB520 /* main.m */,
				2CADDAD51F30000200814820 /* PrefixHeader.pch */,
			);
			name = "Supporting Files";
			sourceTree = "<group>";
		};
		2C6512411F2ED838006AB520 /* Frameworks */ = {
			isa = PBXGroup;
			children = (
				2C65124C1F2EE245006AB520 /* CoreLocation.framework */,
				2CADDACC1F2FEE6E00814820 /* LocationManager */,
				2C6512421F2ED845006AB520 /* LoginManager */,
				2CADDAEC1F30274000814820 /* UIViewController+KeyboardHelper */,
				243487861E5CC1BEAAB3C11A /* libPods-carpoolingudec.a */,
			);
			name = Frameworks;
			sourceTree = "<group>";
		};
		2C6512421F2ED845006AB520 /* LoginManager */ = {
			isa = PBXGroup;
			children = (
				2C6512431F2ED85E006AB520 /* LoginManager.h */,
				2C6512441F2ED85E006AB520 /* LoginManager.m */,
			);
			name = LoginManager;
			sourceTree = "<group>";
		};
		2C6512471F2EE15E006AB520 /* View controllers */ = {
			isa = PBXGroup;
			children = (
				2CADDADA1F30222700814820 /* Side Menu */,
				2CADDAD11F2FFF6800814820 /* Superclasses */,
				2CADDAD01F2FFF5700814820 /* Login */,
				2C6512481F2EE165006AB520 /* Home */,
			);
			name = "View controllers";
			sourceTree = "<group>";
		};
		2C6512481F2EE165006AB520 /* Home */ = {
			isa = PBXGroup;
			children = (
				2C6512491F2EE18C006AB520 /* HomeViewController.h */,
				2C65124A1F2EE18C006AB520 /* HomeViewController.m */,
			);
			name = Home;
			sourceTree = "<group>";
		};
		2CADDACC1F2FEE6E00814820 /* LocationManager */ = {
			isa = PBXGroup;
			children = (
				2CADDACD1F2FEE8700814820 /* LocationManager.h */,
				2CADDACE1F2FEE8700814820 /* LocationManager.m */,
			);
			name = LocationManager;
			sourceTree = "<group>";
		};
		2CADDAD01F2FFF5700814820 /* Login */ = {
			isa = PBXGroup;
			children = (
				2CADDAD71F30215700814820 /* LoginViewController.h */,
				2CADDAD81F30215700814820 /* LoginViewController.m */,
			);
			name = Login;
			sourceTree = "<group>";
		};
		2CADDAD11F2FFF6800814820 /* Superclasses */ = {
			isa = PBXGroup;
			children = (
				2CADDAD21F2FFF8300814820 /* ActivityIndicatorViewController.h */,
				2CADDAD31F2FFF8300814820 /* ActivityIndicatorViewController.m */,
				2CADDAE41F30247E00814820 /* LeftMenuItemViewController.h */,
				2CADDAE51F30247E00814820 /* LeftMenuItemViewController.m */,
			);
			name = Superclasses;
			sourceTree = "<group>";
		};
		2CADDADA1F30222700814820 /* Side Menu */ = {
			isa = PBXGroup;
			children = (
				2CADDADB1F30222C00814820 /* Segues */,
				2CADDAE71F30251700814820 /* SideMenuViewController.h */,
				2CADDAE81F30251700814820 /* SideMenuViewController.m */,
			);
			name = "Side Menu";
			sourceTree = "<group>";
		};
		2CADDADB1F30222C00814820 /* Segues */ = {
			isa = PBXGroup;
			children = (
				2CADDADC1F30224400814820 /* SideMenuSegue.h */,
				2CADDADD1F30224400814820 /* SideMenuSegue.m */,
			);
			name = Segues;
			sourceTree = "<group>";
		};
		2CADDAEC1F30274000814820 /* UIViewController+KeyboardHelper */ = {
			isa = PBXGroup;
			children = (
				2CADDAED1F30275100814820 /* UIViewController+KeyboardHelper.h */,
				2CADDAEE1F30275100814820 /* UIViewController+KeyboardHelper.m */,
			);
			name = "UIViewController+KeyboardHelper";
			sourceTree = "<group>";
		};
		6266895C9F0405F2677F4385 /* Pods */ = {
			isa = PBXGroup;
			children = (
				057826A5B3142F604DED9A2E /* Pods-carpoolingudec.debug.xcconfig */,
				AFFA911C2C92D7B9A1E9E816 /* Pods-carpoolingudec.release.xcconfig */,
			);
			name = Pods;
			sourceTree = "<group>";
		};
		F53247923E841C6816A2D507 /* Frameworks */ = {
			isa = PBXGroup;
			children = (
				2C65123F1F2ED780006AB520 /* AdSupport.framework */,
				464636D36AF42802314BC3C3 /* libPods-carpoolingudec.a */,
			);
			name = Frameworks;
			sourceTree = "<group>";
		};
/* End PBXGroup section */

/* Begin PBXNativeTarget section */
		2C6512201F2ED51E006AB520 /* carpoolingudec */ = {
			isa = PBXNativeTarget;
			buildConfigurationList = 2C6512381F2ED51E006AB520 /* Build configuration list for PBXNativeTarget "carpoolingudec" */;
			buildPhases = (
				BC94590C403A7D078CF4CA2B /* [CP] Check Pods Manifest.lock */,
				2C65121D1F2ED51E006AB520 /* Sources */,
				2C65121E1F2ED51E006AB520 /* Frameworks */,
				2C65121F1F2ED51E006AB520 /* Resources */,
				297C52D8AD31A1E95F82EA2D /* [CP] Embed Pods Frameworks */,
				CB10DADC47CAC6876B9F108C /* [CP] Copy Pods Resources */,
			);
			buildRules = (
			);
			dependencies = (
			);
			name = carpoolingudec;
			productName = carpoolingudec;
			productReference = 2C6512211F2ED51E006AB520 /* carpoolingudec.app */;
			productType = "com.apple.product-type.application";
		};
/* End PBXNativeTarget section */

/* Begin PBXProject section */
		2C6512191F2ED51E006AB520 /* Project object */ = {
			isa = PBXProject;
			attributes = {
				LastUpgradeCheck = 0830;
				ORGANIZATIONNAME = "Alejandro Melo Domínguez";
				TargetAttributes = {
					2C6512201F2ED51E006AB520 = {
						CreatedOnToolsVersion = 8.3.3;
						DevelopmentTeam = 99QSH5L9VP;
						ProvisioningStyle = Automatic;
						SystemCapabilities = {
							com.apple.BackgroundModes = {
								enabled = 1;
							};
						};
					};
				};
			};
			buildConfigurationList = 2C65121C1F2ED51E006AB520 /* Build configuration list for PBXProject "carpoolingudec" */;
			compatibilityVersion = "Xcode 3.2";
			developmentRegion = English;
			hasScannedForEncodings = 0;
			knownRegions = (
				Base,
			);
			mainGroup = 2C6512181F2ED51E006AB520;
			productRefGroup = 2C6512221F2ED51E006AB520 /* Products */;
			projectDirPath = "";
			projectRoot = "";
			targets = (
				2C6512201F2ED51E006AB520 /* carpoolingudec */,
			);
		};
/* End PBXProject section */

/* Begin PBXResourcesBuildPhase section */
		2C65121F1F2ED51E006AB520 /* Resources */ = {
			isa = PBXResourcesBuildPhase;
			buildActionMask = 2147483647;
			files = (
				2C6512341F2ED51E006AB520 /* LaunchScreen.storyboard in Resources */,
				2C65123E1F2ED661006AB520 /* GoogleService-Info.plist in Resources */,
				2C6512311F2ED51E006AB520 /* Assets.xcassets in Resources */,
				2CADDAE01F30236100814820 /* Login.storyboard in Resources */,
				2C65122F1F2ED51E006AB520 /* Main.storyboard in Resources */,
			);
			runOnlyForDeploymentPostprocessing = 0;
		};
/* End PBXResourcesBuildPhase section */

/* Begin PBXShellScriptBuildPhase section */
		297C52D8AD31A1E95F82EA2D /* [CP] Embed Pods Frameworks */ = {
			isa = PBXShellScriptBuildPhase;
			buildActionMask = 2147483647;
			files = (
			);
			inputPaths = (
			);
			name = "[CP] Embed Pods Frameworks";
			outputPaths = (
			);
			runOnlyForDeploymentPostprocessing = 0;
			shellPath = /bin/sh;
			shellScript = "\"${SRCROOT}/Pods/Target Support Files/Pods-carpoolingudec/Pods-carpoolingudec-frameworks.sh\"\n";
			showEnvVarsInLog = 0;
		};
		BC94590C403A7D078CF4CA2B /* [CP] Check Pods Manifest.lock */ = {
			isa = PBXShellScriptBuildPhase;
			buildActionMask = 2147483647;
			files = (
			);
			inputPaths = (
				"${PODS_PODFILE_DIR_PATH}/Podfile.lock",
				"${PODS_ROOT}/Manifest.lock",
			);
			name = "[CP] Check Pods Manifest.lock";
			outputPaths = (
				"$(DERIVED_FILE_DIR)/Pods-carpoolingudec-checkManifestLockResult.txt",
			);
			runOnlyForDeploymentPostprocessing = 0;
			shellPath = /bin/sh;
			shellScript = "diff \"${PODS_PODFILE_DIR_PATH}/Podfile.lock\" \"${PODS_ROOT}/Manifest.lock\" > /dev/null\nif [ $? != 0 ] ; then\n    # print error to STDERR\n    echo \"error: The sandbox is not in sync with the Podfile.lock. Run 'pod install' or update your CocoaPods installation.\" >&2\n    exit 1\nfi\n# This output is used by Xcode 'outputs' to avoid re-running this script phase.\necho \"SUCCESS\" > \"${SCRIPT_OUTPUT_FILE_0}\"\n";
			showEnvVarsInLog = 0;
		};
		CB10DADC47CAC6876B9F108C /* [CP] Copy Pods Resources */ = {
			isa = PBXShellScriptBuildPhase;
			buildActionMask = 2147483647;
			files = (
			);
			inputPaths = (
				"${SRCROOT}/Pods/Target Support Files/Pods-carpoolingudec/Pods-carpoolingudec-resources.sh",
				"${PODS_ROOT}/GoogleMaps/Maps/Frameworks/GoogleMaps.framework/Versions/A/Resources/GoogleMaps.bundle",
				"${PODS_ROOT}/GooglePlaces/Frameworks/GooglePlaces.framework/Versions/A/Resources/GooglePlaces.bundle",
			);
			name = "[CP] Copy Pods Resources";
			outputPaths = (
				"${TARGET_BUILD_DIR}/${UNLOCALIZED_RESOURCES_FOLDER_PATH}",
			);
			runOnlyForDeploymentPostprocessing = 0;
			shellPath = /bin/sh;
			shellScript = "\"${SRCROOT}/Pods/Target Support Files/Pods-carpoolingudec/Pods-carpoolingudec-resources.sh\"\n";
			showEnvVarsInLog = 0;
		};
/* End PBXShellScriptBuildPhase section */

/* Begin PBXSourcesBuildPhase section */
		2C65121D1F2ED51E006AB520 /* Sources */ = {
			isa = PBXSourcesBuildPhase;
			buildActionMask = 2147483647;
			files = (
				2CADDAE91F30251700814820 /* SideMenuViewController.m in Sources */,
				2C6512451F2ED85E006AB520 /* LoginManager.m in Sources */,
				2CADDAE61F30247E00814820 /* LeftMenuItemViewController.m in Sources */,
				2CADDACF1F2FEE8700814820 /* LocationManager.m in Sources */,
				2C6512291F2ED51E006AB520 /* AppDelegate.m in Sources */,
				2CADDAD41F2FFF8300814820 /* ActivityIndicatorViewController.m in Sources */,
				2CADDAD91F30215700814820 /* LoginViewController.m in Sources */,
				2CADDADE1F30224400814820 /* SideMenuSegue.m in Sources */,
				2CADDAEF1F30275100814820 /* UIViewController+KeyboardHelper.m in Sources */,
				2C65124B1F2EE18C006AB520 /* HomeViewController.m in Sources */,
				2C6512261F2ED51E006AB520 /* main.m in Sources */,
			);
			runOnlyForDeploymentPostprocessing = 0;
		};
/* End PBXSourcesBuildPhase section */

/* Begin PBXVariantGroup section */
		2C65122D1F2ED51E006AB520 /* Main.storyboard */ = {
			isa = PBXVariantGroup;
			children = (
				2C65122E1F2ED51E006AB520 /* Base */,
				2CD4DE452054BFF9009B9330 /* es */,
			);
			name = Main.storyboard;
			sourceTree = "<group>";
		};
		2C6512321F2ED51E006AB520 /* LaunchScreen.storyboard */ = {
			isa = PBXVariantGroup;
			children = (
				2C6512331F2ED51E006AB520 /* Base */,
				2CD4DE462054BFF9009B9330 /* es */,
			);
			name = LaunchScreen.storyboard;
			sourceTree = "<group>";
		};
/* End PBXVariantGroup section */

/* Begin XCBuildConfiguration section */
		2C6512361F2ED51E006AB520 /* Debug */ = {
			isa = XCBuildConfiguration;
			buildSettings = {
				ALWAYS_SEARCH_USER_PATHS = NO;
				CLANG_ANALYZER_LOCALIZABILITY_NONLOCALIZED = YES;
				CLANG_ANALYZER_NONNULL = YES;
				CLANG_ANALYZER_NUMBER_OBJECT_CONVERSION = YES_AGGRESSIVE;
				CLANG_CXX_LANGUAGE_STANDARD = "gnu++0x";
				CLANG_CXX_LIBRARY = "libc++";
				CLANG_ENABLE_MODULES = YES;
				CLANG_ENABLE_OBJC_ARC = YES;
				CLANG_WARN_BOOL_CONVERSION = YES;
				CLANG_WARN_CONSTANT_CONVERSION = YES;
				CLANG_WARN_DIRECT_OBJC_ISA_USAGE = YES_ERROR;
				CLANG_WARN_DOCUMENTATION_COMMENTS = YES;
				CLANG_WARN_EMPTY_BODY = YES;
				CLANG_WARN_ENUM_CONVERSION = YES;
				CLANG_WARN_INFINITE_RECURSION = YES;
				CLANG_WARN_INT_CONVERSION = YES;
				CLANG_WARN_OBJC_ROOT_CLASS = YES_ERROR;
				CLANG_WARN_SUSPICIOUS_MOVE = YES;
				CLANG_WARN_UNREACHABLE_CODE = YES;
				CLANG_WARN__DUPLICATE_METHOD_MATCH = YES;
				"CODE_SIGN_IDENTITY[sdk=iphoneos*]" = "iPhone Developer";
				COPY_PHASE_STRIP = NO;
				DEBUG_INFORMATION_FORMAT = dwarf;
				ENABLE_STRICT_OBJC_MSGSEND = YES;
				ENABLE_TESTABILITY = YES;
				GCC_C_LANGUAGE_STANDARD = gnu99;
				GCC_DYNAMIC_NO_PIC = NO;
				GCC_NO_COMMON_BLOCKS = YES;
				GCC_OPTIMIZATION_LEVEL = 0;
				GCC_PREPROCESSOR_DEFINITIONS = (
					"DEBUG=1",
					"$(inherited)",
				);
				GCC_WARN_64_TO_32_BIT_CONVERSION = YES;
				GCC_WARN_ABOUT_RETURN_TYPE = YES_ERROR;
				GCC_WARN_UNDECLARED_SELECTOR = YES;
				GCC_WARN_UNINITIALIZED_AUTOS = YES_AGGRESSIVE;
				GCC_WARN_UNUSED_FUNCTION = YES;
				GCC_WARN_UNUSED_VARIABLE = YES;
				IPHONEOS_DEPLOYMENT_TARGET = 10.3;
				MTL_ENABLE_DEBUG_INFO = YES;
				ONLY_ACTIVE_ARCH = YES;
				SDKROOT = iphoneos;
			};
			name = Debug;
		};
		2C6512371F2ED51E006AB520 /* Release */ = {
			isa = XCBuildConfiguration;
			buildSettings = {
				ALWAYS_SEARCH_USER_PATHS = NO;
				CLANG_ANALYZER_LOCALIZABILITY_NONLOCALIZED = YES;
				CLANG_ANALYZER_NONNULL = YES;
				CLANG_ANALYZER_NUMBER_OBJECT_CONVERSION = YES_AGGRESSIVE;
				CLANG_CXX_LANGUAGE_STANDARD = "gnu++0x";
				CLANG_CXX_LIBRARY = "libc++";
				CLANG_ENABLE_MODULES = YES;
				CLANG_ENABLE_OBJC_ARC = YES;
				CLANG_WARN_BOOL_CONVERSION = YES;
				CLANG_WARN_CONSTANT_CONVERSION = YES;
				CLANG_WARN_DIRECT_OBJC_ISA_USAGE = YES_ERROR;
				CLANG_WARN_DOCUMENTATION_COMMENTS = YES;
				CLANG_WARN_EMPTY_BODY = YES;
				CLANG_WARN_ENUM_CONVERSION = YES;
				CLANG_WARN_INFINITE_RECURSION = YES;
				CLANG_WARN_INT_CONVERSION = YES;
				CLANG_WARN_OBJC_ROOT_CLASS = YES_ERROR;
				CLANG_WARN_SUSPICIOUS_MOVE = YES;
				CLANG_WARN_UNREACHABLE_CODE = YES;
				CLANG_WARN__DUPLICATE_METHOD_MATCH = YES;
				"CODE_SIGN_IDENTITY[sdk=iphoneos*]" = "iPhone Developer";
				COPY_PHASE_STRIP = NO;
				DEBUG_INFORMATION_FORMAT = "dwarf-with-dsym";
				ENABLE_NS_ASSERTIONS = NO;
				ENABLE_STRICT_OBJC_MSGSEND = YES;
				GCC_C_LANGUAGE_STANDARD = gnu99;
				GCC_NO_COMMON_BLOCKS = YES;
				GCC_WARN_64_TO_32_BIT_CONVERSION = YES;
				GCC_WARN_ABOUT_RETURN_TYPE = YES_ERROR;
				GCC_WARN_UNDECLARED_SELECTOR = YES;
				GCC_WARN_UNINITIALIZED_AUTOS = YES_AGGRESSIVE;
				GCC_WARN_UNUSED_FUNCTION = YES;
				GCC_WARN_UNUSED_VARIABLE = YES;
				IPHONEOS_DEPLOYMENT_TARGET = 10.3;
				MTL_ENABLE_DEBUG_INFO = NO;
				SDKROOT = iphoneos;
				VALIDATE_PRODUCT = YES;
			};
			name = Release;
		};
		2C6512391F2ED51E006AB520 /* Debug */ = {
			isa = XCBuildConfiguration;
			baseConfigurationReference = 057826A5B3142F604DED9A2E /* Pods-carpoolingudec.debug.xcconfig */;
			buildSettings = {
				ASSETCATALOG_COMPILER_APPICON_NAME = AppIcon;
				DEVELOPMENT_TEAM = 99QSH5L9VP;
				GCC_PRECOMPILE_PREFIX_HEADER = YES;
				GCC_PREFIX_HEADER = "$(PROJECT_DIR)/$(PRODUCT_NAME)/PrefixHeader.pch";
				INFOPLIST_FILE = carpoolingudec/Info.plist;
				LD_RUNPATH_SEARCH_PATHS = "$(inherited) @executable_path/Frameworks";
				PRODUCT_BUNDLE_IDENTIFIER = cl.penquistas.carpoolingudec;
				PRODUCT_NAME = "$(TARGET_NAME)";
			};
			name = Debug;
		};
		2C65123A1F2ED51E006AB520 /* Release */ = {
			isa = XCBuildConfiguration;
			baseConfigurationReference = AFFA911C2C92D7B9A1E9E816 /* Pods-carpoolingudec.release.xcconfig */;
			buildSettings = {
				ASSETCATALOG_COMPILER_APPICON_NAME = AppIcon;
				DEVELOPMENT_TEAM = 99QSH5L9VP;
				GCC_PRECOMPILE_PREFIX_HEADER = YES;
				GCC_PREFIX_HEADER = "$(PROJECT_DIR)/$(PRODUCT_NAME)/PrefixHeader.pch";
				INFOPLIST_FILE = carpoolingudec/Info.plist;
				LD_RUNPATH_SEARCH_PATHS = "$(inherited) @executable_path/Frameworks";
				PRODUCT_BUNDLE_IDENTIFIER = cl.penquistas.carpoolingudec;
				PRODUCT_NAME = "$(TARGET_NAME)";
			};
			name = Release;
		};
/* End XCBuildConfiguration section */

/* Begin XCConfigurationList section */
		2C65121C1F2ED51E006AB520 /* Build configuration list for PBXProject "carpoolingudec" */ = {
			isa = XCConfigurationList;
			buildConfigurations = (
				2C6512361F2ED51E006AB520 /* Debug */,
				2C6512371F2ED51E006AB520 /* Release */,
			);
			defaultConfigurationIsVisible = 0;
			defaultConfigurationName = Release;
		};
		2C6512381F2ED51E006AB520 /* Build configuration list for PBXNativeTarget "carpoolingudec" */ = {
			isa = XCConfigurationList;
			buildConfigurations = (
				2C6512391F2ED51E006AB520 /* Debug */,
				2C65123A1F2ED51E006AB520 /* Release */,
			);
			defaultConfigurationIsVisible = 0;
			defaultConfigurationName = Release;
		};
/* End XCConfigurationList section */
	};
	rootObject = 2C6512191F2ED51E006AB520 /* Project object */;
}
